// !$*UTF8*$!
{
	archiveVersion = 1;
	classes = {
	};
	objectVersion = 56;
	objects = {

/* Begin PBXBuildFile section */
		828AAFB12A5BE76B00E823BF /* AppDelegate.swift in Sources */ = {isa = PBXBuildFile; fileRef = 828AAFB02A5BE76B00E823BF /* AppDelegate.swift */; };
		828AAFB32A5BE76B00E823BF /* SceneDelegate.swift in Sources */ = {isa = PBXBuildFile; fileRef = 828AAFB22A5BE76B00E823BF /* SceneDelegate.swift */; };
		828AAFB52A5BE76B00E823BF /* ViewController.swift in Sources */ = {isa = PBXBuildFile; fileRef = 828AAFB42A5BE76B00E823BF /* ViewController.swift */; };
		828AAFB82A5BE76B00E823BF /* Main.storyboard in Resources */ = {isa = PBXBuildFile; fileRef = 828AAFB62A5BE76B00E823BF /* Main.storyboard */; };
		828AAFBA2A5BE76C00E823BF /* Assets.xcassets in Resources */ = {isa = PBXBuildFile; fileRef = 828AAFB92A5BE76C00E823BF /* Assets.xcassets */; };
		828AAFBD2A5BE76C00E823BF /* LaunchScreen.storyboard in Resources */ = {isa = PBXBuildFile; fileRef = 828AAFBB2A5BE76C00E823BF /* LaunchScreen.storyboard */; };
		828AAFC82A5BE76C00E823BF /* my_practice_7Tests.swift in Sources */ = {isa = PBXBuildFile; fileRef = 828AAFC72A5BE76C00E823BF /* my_practice_7Tests.swift */; };
		828AAFD22A5BE76C00E823BF /* my_practice_7UITests.swift in Sources */ = {isa = PBXBuildFile; fileRef = 828AAFD12A5BE76C00E823BF /* my_practice_7UITests.swift */; };
		828AAFD42A5BE76C00E823BF /* my_practice_7UITestsLaunchTests.swift in Sources */ = {isa = PBXBuildFile; fileRef = 828AAFD32A5BE76C00E823BF /* my_practice_7UITestsLaunchTests.swift */; };
/* End PBXBuildFile section */

/* Begin PBXContainerItemProxy section */
		828AAFC42A5BE76C00E823BF /* PBXContainerItemProxy */ = {
			isa = PBXContainerItemProxy;
			containerPortal = 828AAFA52A5BE76B00E823BF /* Project object */;
			proxyType = 1;
			remoteGlobalIDString = 828AAFAC2A5BE76B00E823BF;
			remoteInfo = my_practice_7;
		};
		828AAFCE2A5BE76C00E823BF /* PBXContainerItemProxy */ = {
			isa = PBXContainerItemProxy;
			containerPortal = 828AAFA52A5BE76B00E823BF /* Project object */;
			proxyType = 1;
			remoteGlobalIDString = 828AAFAC2A5BE76B00E823BF;
			remoteInfo = my_practice_7;
		};
/* End PBXContainerItemProxy section */

/* Begin PBXFileReference section */
		828AAFAD2A5BE76B00E823BF /* my_practice_7.app */ = {isa = PBXFileReference; explicitFileType = wrapper.application; includeInIndex = 0; path = my_practice_7.app; sourceTree = BUILT_PRODUCTS_DIR; };
		828AAFB02A5BE76B00E823BF /* AppDelegate.swift */ = {isa = PBXFileReference; lastKnownFileType = sourcecode.swift; path = AppDelegate.swift; sourceTree = "<group>"; };
		828AAFB22A5BE76B00E823BF /* SceneDelegate.swift */ = {isa = PBXFileReference; lastKnownFileType = sourcecode.swift; path = SceneDelegate.swift; sourceTree = "<group>"; };
		828AAFB42A5BE76B00E823BF /* ViewController.swift */ = {isa = PBXFileReference; lastKnownFileType = sourcecode.swift; path = ViewController.swift; sourceTree = "<group>"; };
		828AAFB72A5BE76B00E823BF /* Base */ = {isa = PBXFileReference; lastKnownFileType = file.storyboard; name = Base; path = Base.lproj/Main.storyboard; sourceTree = "<group>"; };
		828AAFB92A5BE76C00E823BF /* Assets.xcassets */ = {isa = PBXFileReference; lastKnownFileType = folder.assetcatalog; path = Assets.xcassets; sourceTree = "<group>"; };
		828AAFBC2A5BE76C00E823BF /* Base */ = {isa = PBXFileReference; lastKnownFileType = file.storyboard; name = Base; path = Base.lproj/LaunchScreen.storyboard; sourceTree = "<group>"; };
		828AAFBE2A5BE76C00E823BF /* Info.plist */ = {isa = PBXFileReference; lastKnownFileType = text.plist.xml; path = Info.plist; sourceTree = "<group>"; };
		828AAFC32A5BE76C00E823BF /* my_practice_7Tests.xctest */ = {isa = PBXFileReference; explicitFileType = wrapper.cfbundle; includeInIndex = 0; path = my_practice_7Tests.xctest; sourceTree = BUILT_PRODUCTS_DIR; };
		828AAFC72A5BE76C00E823BF /* my_practice_7Tests.swift */ = {isa = PBXFileReference; lastKnownFileType = sourcecode.swift; path = my_practice_7Tests.swift; sourceTree = "<group>"; };
		828AAFCD2A5BE76C00E823BF /* my_practice_7UITests.xctest */ = {isa = PBXFileReference; explicitFileType = wrapper.cfbundle; includeInIndex = 0; path = my_practice_7UITests.xctest; sourceTree = BUILT_PRODUCTS_DIR; };
		828AAFD12A5BE76C00E823BF /* my_practice_7UITests.swift */ = {isa = PBXFileReference; lastKnownFileType = sourcecode.swift; path = my_practice_7UITests.swift; sourceTree = "<group>"; };
		828AAFD32A5BE76C00E823BF /* my_practice_7UITestsLaunchTests.swift */ = {isa = PBXFileReference; lastKnownFileType = sourcecode.swift; path = my_practice_7UITestsLaunchTests.swift; sourceTree = "<group>"; };
/* End PBXFileReference section */

/* Begin PBXFrameworksBuildPhase section */
		828AAFAA2A5BE76B00E823BF /* Frameworks */ = {
			isa = PBXFrameworksBuildPhase;
			buildActionMask = 2147483647;
			files = (
			);
			runOnlyForDeploymentPostprocessing = 0;
		};
		828AAFC02A5BE76C00E823BF /* Frameworks */ = {
			isa = PBXFrameworksBuildPhase;
			buildActionMask = 2147483647;
			files = (
			);
			runOnlyForDeploymentPostprocessing = 0;
		};
		828AAFCA2A5BE76C00E823BF /* Frameworks */ = {
			isa = PBXFrameworksBuildPhase;
			buildActionMask = 2147483647;
			files = (
			);
			runOnlyForDeploymentPostprocessing = 0;
		};
/* End PBXFrameworksBuildPhase section */

/* Begin PBXGroup section */
		828AAFA42A5BE76B00E823BF = {
			isa = PBXGroup;
			children = (
				828AAFAF2A5BE76B00E823BF /* my_practice_7 */,
				828AAFC62A5BE76C00E823BF /* my_practice_7Tests */,
				828AAFD02A5BE76C00E823BF /* my_practice_7UITests */,
				828AAFAE2A5BE76B00E823BF /* Products */,
			);
			sourceTree = "<group>";
		};
		828AAFAE2A5BE76B00E823BF /* Products */ = {
			isa = PBXGroup;
			children = (
				828AAFAD2A5BE76B00E823BF /* my_practice_7.app */,
				828AAFC32A5BE76C00E823BF /* my_practice_7Tests.xctest */,
				828AAFCD2A5BE76C00E823BF /* my_practice_7UITests.xctest */,
			);
			name = Products;
			sourceTree = "<group>";
		};
		828AAFAF2A5BE76B00E823BF /* my_practice_7 */ = {
			isa = PBXGroup;
			children = (
				828AAFB02A5BE76B00E823BF /* AppDelegate.swift */,
				828AAFB22A5BE76B00E823BF /* SceneDelegate.swift */,
				828AAFB42A5BE76B00E823BF /* ViewController.swift */,
				828AAFB62A5BE76B00E823BF /* Main.storyboard */,
				828AAFB92A5BE76C00E823BF /* Assets.xcassets */,
				828AAFBB2A5BE76C00E823BF /* LaunchScreen.storyboard */,
				828AAFBE2A5BE76C00E823BF /* Info.plist */,
			);
			path = my_practice_7;
			sourceTree = "<group>";
		};
		828AAFC62A5BE76C00E823BF /* my_practice_7Tests */ = {
			isa = PBXGroup;
			children = (
				828AAFC72A5BE76C00E823BF /* my_practice_7Tests.swift */,
			);
			path = my_practice_7Tests;
			sourceTree = "<group>";
		};
		828AAFD02A5BE76C00E823BF /* my_practice_7UITests */ = {
			isa = PBXGroup;
			children = (
				828AAFD12A5BE76C00E823BF /* my_practice_7UITests.swift */,
				828AAFD32A5BE76C00E823BF /* my_practice_7UITestsLaunchTests.swift */,
			);
			path = my_practice_7UITests;
			sourceTree = "<group>";
		};
/* End PBXGroup section */

/* Begin PBXNativeTarget section */
		828AAFAC2A5BE76B00E823BF /* my_practice_7 */ = {
			isa = PBXNativeTarget;
			buildConfigurationList = 828AAFD72A5BE76C00E823BF /* Build configuration list for PBXNativeTarget "my_practice_7" */;
			buildPhases = (
				828AAFA92A5BE76B00E823BF /* Sources */,
				828AAFAA2A5BE76B00E823BF /* Frameworks */,
				828AAFAB2A5BE76B00E823BF /* Resources */,
			);
			buildRules = (
			);
			dependencies = (
			);
			name = my_practice_7;
			productName = my_practice_7;
			productReference = 828AAFAD2A5BE76B00E823BF /* my_practice_7.app */;
			productType = "com.apple.product-type.application";
		};
		828AAFC22A5BE76C00E823BF /* my_practice_7Tests */ = {
			isa = PBXNativeTarget;
			buildConfigurationList = 828AAFDA2A5BE76C00E823BF /* Build configuration list for PBXNativeTarget "my_practice_7Tests" */;
			buildPhases = (
				828AAFBF2A5BE76C00E823BF /* Sources */,
				828AAFC02A5BE76C00E823BF /* Frameworks */,
				828AAFC12A5BE76C00E823BF /* Resources */,
			);
			buildRules = (
			);
			dependencies = (
				828AAFC52A5BE76C00E823BF /* PBXTargetDependency */,
			);
			name = my_practice_7Tests;
			productName = my_practice_7Tests;
			productReference = 828AAFC32A5BE76C00E823BF /* my_practice_7Tests.xctest */;
			productType = "com.apple.product-type.bundle.unit-test";
		};
		828AAFCC2A5BE76C00E823BF /* my_practice_7UITests */ = {
			isa = PBXNativeTarget;
			buildConfigurationList = 828AAFDD2A5BE76C00E823BF /* Build configuration list for PBXNativeTarget "my_practice_7UITests" */;
			buildPhases = (
				828AAFC92A5BE76C00E823BF /* Sources */,
				828AAFCA2A5BE76C00E823BF /* Frameworks */,
				828AAFCB2A5BE76C00E823BF /* Resources */,
			);
			buildRules = (
			);
			dependencies = (
				828AAFCF2A5BE76C00E823BF /* PBXTargetDependency */,
			);
			name = my_practice_7UITests;
			productName = my_practice_7UITests;
			productReference = 828AAFCD2A5BE76C00E823BF /* my_practice_7UITests.xctest */;
			productType = "com.apple.product-type.bundle.ui-testing";
		};
/* End PBXNativeTarget section */

/* Begin PBXProject section */
		828AAFA52A5BE76B00E823BF /* Project object */ = {
			isa = PBXProject;
			attributes = {
				BuildIndependentTargetsInParallel = 1;
				LastSwiftUpdateCheck = 1430;
				LastUpgradeCheck = 1430;
				TargetAttributes = {
					828AAFAC2A5BE76B00E823BF = {
						CreatedOnToolsVersion = 14.3.1;
					};
					828AAFC22A5BE76C00E823BF = {
						CreatedOnToolsVersion = 14.3.1;
						TestTargetID = 828AAFAC2A5BE76B00E823BF;
					};
					828AAFCC2A5BE76C00E823BF = {
						CreatedOnToolsVersion = 14.3.1;
						TestTargetID = 828AAFAC2A5BE76B00E823BF;
					};
				};
			};
			buildConfigurationList = 828AAFA82A5BE76B00E823BF /* Build configuration list for PBXProject "my_practice_7" */;
			compatibilityVersion = "Xcode 14.0";
			developmentRegion = en;
			hasScannedForEncodings = 0;
			knownRegions = (
				en,
				Base,
			);
			mainGroup = 828AAFA42A5BE76B00E823BF;
			productRefGroup = 828AAFAE2A5BE76B00E823BF /* Products */;
			projectDirPath = "";
			projectRoot = "";
			targets = (
				828AAFAC2A5BE76B00E823BF /* my_practice_7 */,
				828AAFC22A5BE76C00E823BF /* my_practice_7Tests */,
				828AAFCC2A5BE76C00E823BF /* my_practice_7UITests */,
			);
		};
/* End PBXProject section */

/* Begin PBXResourcesBuildPhase section */
		828AAFAB2A5BE76B00E823BF /* Resources */ = {
			isa = PBXResourcesBuildPhase;
			buildActionMask = 2147483647;
			files = (
				828AAFBD2A5BE76C00E823BF /* LaunchScreen.storyboard in Resources */,
				828AAFBA2A5BE76C00E823BF /* Assets.xcassets in Resources */,
				828AAFB82A5BE76B00E823BF /* Main.storyboard in Resources */,
			);
			runOnlyForDeploymentPostprocessing = 0;
		};
		828AAFC12A5BE76C00E823BF /* Resources */ = {
			isa = PBXResourcesBuildPhase;
			buildActionMask = 2147483647;
			files = (
			);
			runOnlyForDeploymentPostprocessing = 0;
		};
		828AAFCB2A5BE76C00E823BF /* Resources */ = {
			isa = PBXResourcesBuildPhase;
			buildActionMask = 2147483647;
			files = (
			);
			runOnlyForDeploymentPostprocessing = 0;
		};
/* End PBXResourcesBuildPhase section */

/* Begin PBXSourcesBuildPhase section */
		828AAFA92A5BE76B00E823BF /* Sources */ = {
			isa = PBXSourcesBuildPhase;
			buildActionMask = 2147483647;
			files = (
				828AAFB52A5BE76B00E823BF /* ViewController.swift in Sources */,
				828AAFB12A5BE76B00E823BF /* AppDelegate.swift in Sources */,
				828AAFB32A5BE76B00E823BF /* SceneDelegate.swift in Sources */,
			);
			runOnlyForDeploymentPostprocessing = 0;
		};
		828AAFBF2A5BE76C00E823BF /* Sources */ = {
			isa = PBXSourcesBuildPhase;
			buildActionMask = 2147483647;
			files = (
				828AAFC82A5BE76C00E823BF /* my_practice_7Tests.swift in Sources */,
			);
			runOnlyForDeploymentPostprocessing = 0;
		};
		828AAFC92A5BE76C00E823BF /* Sources */ = {
			isa = PBXSourcesBuildPhase;
			buildActionMask = 2147483647;
			files = (
				828AAFD22A5BE76C00E823BF /* my_practice_7UITests.swift in Sources */,
				828AAFD42A5BE76C00E823BF /* my_practice_7UITestsLaunchTests.swift in Sources */,
			);
			runOnlyForDeploymentPostprocessing = 0;
		};
/* End PBXSourcesBuildPhase section */

/* Begin PBXTargetDependency section */
		828AAFC52A5BE76C00E823BF /* PBXTargetDependency */ = {
			isa = PBXTargetDependency;
			target = 828AAFAC2A5BE76B00E823BF /* my_practice_7 */;
			targetProxy = 828AAFC42A5BE76C00E823BF /* PBXContainerItemProxy */;
		};
		828AAFCF2A5BE76C00E823BF /* PBXTargetDependency */ = {
			isa = PBXTargetDependency;
			target = 828AAFAC2A5BE76B00E823BF /* my_practice_7 */;
			targetProxy = 828AAFCE2A5BE76C00E823BF /* PBXContainerItemProxy */;
		};
/* End PBXTargetDependency section */

/* Begin PBXVariantGroup section */
		828AAFB62A5BE76B00E823BF /* Main.storyboard */ = {
			isa = PBXVariantGroup;
			children = (
				828AAFB72A5BE76B00E823BF /* Base */,
			);
			name = Main.storyboard;
			sourceTree = "<group>";
		};
		828AAFBB2A5BE76C00E823BF /* LaunchScreen.storyboard */ = {
			isa = PBXVariantGroup;
			children = (
				828AAFBC2A5BE76C00E823BF /* Base */,
			);
			name = LaunchScreen.storyboard;
			sourceTree = "<group>";
		};
/* End PBXVariantGroup section */

/* Begin XCBuildConfiguration section */
		828AAFD52A5BE76C00E823BF /* Debug */ = {
			isa = XCBuildConfiguration;
			buildSettings = {
				ALWAYS_SEARCH_USER_PATHS = NO;
				CLANG_ANALYZER_NONNULL = YES;
				CLANG_ANALYZER_NUMBER_OBJECT_CONVERSION = YES_AGGRESSIVE;
				CLANG_CXX_LANGUAGE_STANDARD = "gnu++20";
				CLANG_ENABLE_MODULES = YES;
				CLANG_ENABLE_OBJC_ARC = YES;
				CLANG_ENABLE_OBJC_WEAK = YES;
				CLANG_WARN_BLOCK_CAPTURE_AUTORELEASING = YES;
				CLANG_WARN_BOOL_CONVERSION = YES;
				CLANG_WARN_COMMA = YES;
				CLANG_WARN_CONSTANT_CONVERSION = YES;
				CLANG_WARN_DEPRECATED_OBJC_IMPLEMENTATIONS = YES;
				CLANG_WARN_DIRECT_OBJC_ISA_USAGE = YES_ERROR;
				CLANG_WARN_DOCUMENTATION_COMMENTS = YES;
				CLANG_WARN_EMPTY_BODY = YES;
				CLANG_WARN_ENUM_CONVERSION = YES;
				CLANG_WARN_INFINITE_RECURSION = YES;
				CLANG_WARN_INT_CONVERSION = YES;
				CLANG_WARN_NON_LITERAL_NULL_CONVERSION = YES;
				CLANG_WARN_OBJC_IMPLICIT_RETAIN_SELF = YES;
				CLANG_WARN_OBJC_LITERAL_CONVERSION = YES;
				CLANG_WARN_OBJC_ROOT_CLASS = YES_ERROR;
				CLANG_WARN_QUOTED_INCLUDE_IN_FRAMEWORK_HEADER = YES;
				CLANG_WARN_RANGE_LOOP_ANALYSIS = YES;
				CLANG_WARN_STRICT_PROTOTYPES = YES;
				CLANG_WARN_SUSPICIOUS_MOVE = YES;
				CLANG_WARN_UNGUARDED_AVAILABILITY = YES_AGGRESSIVE;
				CLANG_WARN_UNREACHABLE_CODE = YES;
				CLANG_WARN__DUPLICATE_METHOD_MATCH = YES;
				COPY_PHASE_STRIP = NO;
				DEBUG_INFORMATION_FORMAT = dwarf;
				ENABLE_STRICT_OBJC_MSGSEND = YES;
				ENABLE_TESTABILITY = YES;
				GCC_C_LANGUAGE_STANDARD = gnu11;
				GCC_DYNAMIC_NO_PIC = NO;
				GCC_NO_COMMON_BLOCKS = YES;
				GCC_OPTIMIZATION_LEVEL = 0;
				GCC_PREPROCESSOR_DEFINITIONS = (
					"DEBUG=1",
					"$(inherited)",
				);
				GCC_WARN_64_TO_32_BIT_CONVERSION = YES;
				GCC_WARN_ABOUT_RETURN_TYPE = YES_ERROR;
				GCC_WARN_UNDECLARED_SELECTOR = YES;
				GCC_WARN_UNINITIALIZED_AUTOS = YES_AGGRESSIVE;
				GCC_WARN_UNUSED_FUNCTION = YES;
				GCC_WARN_UNUSED_VARIABLE = YES;
				IPHONEOS_DEPLOYMENT_TARGET = 16.4;
				MTL_ENABLE_DEBUG_INFO = INCLUDE_SOURCE;
				MTL_FAST_MATH = YES;
				ONLY_ACTIVE_ARCH = YES;
				SDKROOT = iphoneos;
				SWIFT_ACTIVE_COMPILATION_CONDITIONS = DEBUG;
				SWIFT_OPTIMIZATION_LEVEL = "-Onone";
			};
			name = Debug;
		};
		828AAFD62A5BE76C00E823BF /* Release */ = {
			isa = XCBuildConfiguration;
			buildSettings = {
				ALWAYS_SEARCH_USER_PATHS = NO;
				CLANG_ANALYZER_NONNULL = YES;
				CLANG_ANALYZER_NUMBER_OBJECT_CONVERSION = YES_AGGRESSIVE;
				CLANG_CXX_LANGUAGE_STANDARD = "gnu++20";
				CLANG_ENABLE_MODULES = YES;
				CLANG_ENABLE_OBJC_ARC = YES;
				CLANG_ENABLE_OBJC_WEAK = YES;
				CLANG_WARN_BLOCK_CAPTURE_AUTORELEASING = YES;
				CLANG_WARN_BOOL_CONVERSION = YES;
				CLANG_WARN_COMMA = YES;
				CLANG_WARN_CONSTANT_CONVERSION = YES;
				CLANG_WARN_DEPRECATED_OBJC_IMPLEMENTATIONS = YES;
				CLANG_WARN_DIRECT_OBJC_ISA_USAGE = YES_ERROR;
				CLANG_WARN_DOCUMENTATION_COMMENTS = YES;
				CLANG_WARN_EMPTY_BODY = YES;
				CLANG_WARN_ENUM_CONVERSION = YES;
				CLANG_WARN_INFINITE_RECURSION = YES;
				CLANG_WARN_INT_CONVERSION = YES;
				CLANG_WARN_NON_LITERAL_NULL_CONVERSION = YES;
				CLANG_WARN_OBJC_IMPLICIT_RETAIN_SELF = YES;
				CLANG_WARN_OBJC_LITERAL_CONVERSION = YES;
				CLANG_WARN_OBJC_ROOT_CLASS = YES_ERROR;
				CLANG_WARN_QUOTED_INCLUDE_IN_FRAMEWORK_HEADER = YES;
				CLANG_WARN_RANGE_LOOP_ANALYSIS = YES;
				CLANG_WARN_STRICT_PROTOTYPES = YES;
				CLANG_WARN_SUSPICIOUS_MOVE = YES;
				CLANG_WARN_UNGUARDED_AVAILABILITY = YES_AGGRESSIVE;
				CLANG_WARN_UNREACHABLE_CODE = YES;
				CLANG_WARN__DUPLICATE_METHOD_MATCH = YES;
				COPY_PHASE_STRIP = NO;
				DEBUG_INFORMATION_FORMAT = "dwarf-with-dsym";
				ENABLE_NS_ASSERTIONS = NO;
				ENABLE_STRICT_OBJC_MSGSEND = YES;
				GCC_C_LANGUAGE_STANDARD = gnu11;
				GCC_NO_COMMON_BLOCKS = YES;
				GCC_WARN_64_TO_32_BIT_CONVERSION = YES;
				GCC_WARN_ABOUT_RETURN_TYPE = YES_ERROR;
				GCC_WARN_UNDECLARED_SELECTOR = YES;
				GCC_WARN_UNINITIALIZED_AUTOS = YES_AGGRESSIVE;
				GCC_WARN_UNUSED_FUNCTION = YES;
				GCC_WARN_UNUSED_VARIABLE = YES;
				IPHONEOS_DEPLOYMENT_TARGET = 16.4;
				MTL_ENABLE_DEBUG_INFO = NO;
				MTL_FAST_MATH = YES;
				SDKROOT = iphoneos;
				SWIFT_COMPILATION_MODE = wholemodule;
				SWIFT_OPTIMIZATION_LEVEL = "-O";
				VALIDATE_PRODUCT = YES;
			};
			name = Release;
		};
		828AAFD82A5BE76C00E823BF /* Debug */ = {
			isa = XCBuildConfiguration;
			buildSettings = {
				ASSETCATALOG_COMPILER_APPICON_NAME = AppIcon;
				ASSETCATALOG_COMPILER_GLOBAL_ACCENT_COLOR_NAME = AccentColor;
				CODE_SIGN_STYLE = Automatic;
				CURRENT_PROJECT_VERSION = 1;
				DEVELOPMENT_TEAM = 977C44PQHL;
				GENERATE_INFOPLIST_FILE = YES;
				INFOPLIST_FILE = my_practice_7/Info.plist;
				INFOPLIST_KEY_UIApplicationSupportsIndirectInputEvents = YES;
				INFOPLIST_KEY_UILaunchStoryboardName = LaunchScreen;
				INFOPLIST_KEY_UIMainStoryboardFile = Main;
				INFOPLIST_KEY_UISupportedInterfaceOrientations_iPad = "UIInterfaceOrientationPortrait UIInterfaceOrientationPortraitUpsideDown UIInterfaceOrientationLandscapeLeft UIInterfaceOrientationLandscapeRight";
				INFOPLIST_KEY_UISupportedInterfaceOrientations_iPhone = "UIInterfaceOrientationPortrait UIInterfaceOrientationLandscapeLeft UIInterfaceOrientationLandscapeRight";
				LD_RUNPATH_SEARCH_PATHS = (
					"$(inherited)",
					"@executable_path/Frameworks",
				);
				MARKETING_VERSION = 1.0;
				PRODUCT_BUNDLE_IDENTIFIER = "tydevelopers.com.my-practice-7";
				PRODUCT_NAME = "$(TARGET_NAME)";
				SWIFT_EMIT_LOC_STRINGS = YES;
				SWIFT_VERSION = 5.0;
				TARGETED_DEVICE_FAMILY = "1,2";
			};
			name = Debug;
		};
		828AAFD92A5BE76C00E823BF /* Release */ = {
			isa = XCBuildConfiguration;
			buildSettings = {
				ASSETCATALOG_COMPILER_APPICON_NAME = AppIcon;
				ASSETCATALOG_COMPILER_GLOBAL_ACCENT_COLOR_NAME = AccentColor;
				CODE_SIGN_STYLE = Automatic;
				CURRENT_PROJECT_VERSION = 1;
				DEVELOPMENT_TEAM = 977C44PQHL;
				GENERATE_INFOPLIST_FILE = YES;
				INFOPLIST_FILE = my_practice_7/Info.plist;
				INFOPLIST_KEY_UIApplicationSupportsIndirectInputEvents = YES;
				INFOPLIST_KEY_UILaunchStoryboardName = LaunchScreen;
				INFOPLIST_KEY_UIMainStoryboardFile = Main;
				INFOPLIST_KEY_UISupportedInterfaceOrientations_iPad = "UIInterfaceOrientationPortrait UIInterfaceOrientationPortraitUpsideDown UIInterfaceOrientationLandscapeLeft UIInterfaceOrientationLandscapeRight";
				INFOPLIST_KEY_UISupportedInterfaceOrientations_iPhone = "UIInterfaceOrientationPortrait UIInterfaceOrientationLandscapeLeft UIInterfaceOrientationLandscapeRight";
				LD_RUNPATH_SEARCH_PATHS = (
					"$(inherited)",
					"@executable_path/Frameworks",
				);
				MARKETING_VERSION = 1.0;
				PRODUCT_BUNDLE_IDENTIFIER = "tydevelopers.com.my-practice-7";
				PRODUCT_NAME = "$(TARGET_NAME)";
				SWIFT_EMIT_LOC_STRINGS = YES;
				SWIFT_VERSION = 5.0;
				TARGETED_DEVICE_FAMILY = "1,2";
			};
			name = Release;
		};
		828AAFDB2A5BE76C00E823BF /* Debug */ = {
			isa = XCBuildConfiguration;
			buildSettings = {
				ALWAYS_EMBED_SWIFT_STANDARD_LIBRARIES = YES;
				BUNDLE_LOADER = "$(TEST_HOST)";
				CODE_SIGN_STYLE = Automatic;
				CURRENT_PROJECT_VERSION = 1;
				DEVELOPMENT_TEAM = 977C44PQHL;
				GENERATE_INFOPLIST_FILE = YES;
				IPHONEOS_DEPLOYMENT_TARGET = 16.4;
				MARKETING_VERSION = 1.0;
				PRODUCT_BUNDLE_IDENTIFIER = "tydevelopers.com.my-practice-7Tests";
				PRODUCT_NAME = "$(TARGET_NAME)";
				SWIFT_EMIT_LOC_STRINGS = NO;
				SWIFT_VERSION = 5.0;
				TARGETED_DEVICE_FAMILY = "1,2";
				TEST_HOST = "$(BUILT_PRODUCTS_DIR)/my_practice_7.app/$(BUNDLE_EXECUTABLE_FOLDER_PATH)/my_practice_7";
			};
			name = Debug;
		};
		828AAFDC2A5BE76C00E823BF /* Release */ = {
			isa = XCBuildConfiguration;
			buildSettings = {
				ALWAYS_EMBED_SWIFT_STANDARD_LIBRARIES = YES;
				BUNDLE_LOADER = "$(TEST_HOST)";
				CODE_SIGN_STYLE = Automatic;
				CURRENT_PROJECT_VERSION = 1;
				DEVELOPMENT_TEAM = 977C44PQHL;
				GENERATE_INFOPLIST_FILE = YES;
				IPHONEOS_DEPLOYMENT_TARGET = 16.4;
				MARKETING_VERSION = 1.0;
				PRODUCT_BUNDLE_IDENTIFIER = "tydevelopers.com.my-practice-7Tests";
				PRODUCT_NAME = "$(TARGET_NAME)";
				SWIFT_EMIT_LOC_STRINGS = NO;
				SWIFT_VERSION = 5.0;
				TARGETED_DEVICE_FAMILY = "1,2";
				TEST_HOST = "$(BUILT_PRODUCTS_DIR)/my_practice_7.app/$(BUNDLE_EXECUTABLE_FOLDER_PATH)/my_practice_7";
			};
			name = Release;
		};
		828AAFDE2A5BE76C00E823BF /* Debug */ = {
			isa = XCBuildConfiguration;
			buildSettings = {
				ALWAYS_EMBED_SWIFT_STANDARD_LIBRARIES = YES;
				CODE_SIGN_STYLE = Automatic;
				CURRENT_PROJECT_VERSION = 1;
				DEVELOPMENT_TEAM = 977C44PQHL;
				GENERATE_INFOPLIST_FILE = YES;
				MARKETING_VERSION = 1.0;
				PRODUCT_BUNDLE_IDENTIFIER = "tydevelopers.com.my-practice-7UITests";
				PRODUCT_NAME = "$(TARGET_NAME)";
				SWIFT_EMIT_LOC_STRINGS = NO;
				SWIFT_VERSION = 5.0;
				TARGETED_DEVICE_FAMILY = "1,2";
				TEST_TARGET_NAME = my_practice_7;
			};
			name = Debug;
		};
		828AAFDF2A5BE76C00E823BF /* Release */ = {
			isa = XCBuildConfiguration;
			buildSettings = {
				ALWAYS_EMBED_SWIFT_STANDARD_LIBRARIES = YES;
				CODE_SIGN_STYLE = Automatic;
				CURRENT_PROJECT_VERSION = 1;
				DEVELOPMENT_TEAM = 977C44PQHL;
				GENERATE_INFOPLIST_FILE = YES;
				MARKETING_VERSION = 1.0;
				PRODUCT_BUNDLE_IDENTIFIER = "tydevelopers.com.my-practice-7UITests";
				PRODUCT_NAME = "$(TARGET_NAME)";
				SWIFT_EMIT_LOC_STRINGS = NO;
				SWIFT_VERSION = 5.0;
				TARGETED_DEVICE_FAMILY = "1,2";
				TEST_TARGET_NAME = my_practice_7;
			};
			name = Release;
		};
/* End XCBuildConfiguration section */

/* Begin XCConfigurationList section */
		828AAFA82A5BE76B00E823BF /* Build configuration list for PBXProject "my_practice_7" */ = {
			isa = XCConfigurationList;
			buildConfigurations = (
				828AAFD52A5BE76C00E823BF /* Debug */,
				828AAFD62A5BE76C00E823BF /* Release */,
			);
			defaultConfigurationIsVisible = 0;
			defaultConfigurationName = Release;
		};
		828AAFD72A5BE76C00E823BF /* Build configuration list for PBXNativeTarget "my_practice_7" */ = {
			isa = XCConfigurationList;
			buildConfigurations = (
				828AAFD82A5BE76C00E823BF /* Debug */,
				828AAFD92A5BE76C00E823BF /* Release */,
			);
			defaultConfigurationIsVisible = 0;
			defaultConfigurationName = Release;
		};
		828AAFDA2A5BE76C00E823BF /* Build configuration list for PBXNativeTarget "my_practice_7Tests" */ = {
			isa = XCConfigurationList;
			buildConfigurations = (
				828AAFDB2A5BE76C00E823BF /* Debug */,
				828AAFDC2A5BE76C00E823BF /* Release */,
			);
			defaultConfigurationIsVisible = 0;
			defaultConfigurationName = Release;
		};
		828AAFDD2A5BE76C00E823BF /* Build configuration list for PBXNativeTarget "my_practice_7UITests" */ = {
			isa = XCConfigurationList;
			buildConfigurations = (
				828AAFDE2A5BE76C00E823BF /* Debug */,
				828AAFDF2A5BE76C00E823BF /* Release */,
			);
			defaultConfigurationIsVisible = 0;
			defaultConfigurationName = Release;
		};
/* End XCConfigurationList section */
	};
	rootObject = 828AAFA52A5BE76B00E823BF /* Project object */;
}
